
Microsoft Visual Studio Solution File, Format Version 12.00
# Visual Studio 15
VisualStudioVersion = 15.0.28010.2036
MinimumVisualStudioVersion = 10.0.40219.1
Project("{FAE04EC0-301F-11D3-BF4B-00C04F79EFBC}") = "Bookservice.WebAPI", "Bookservice.WebAPI\Bookservice.WebAPI.csproj", "{4326D201-7564-4CB3-9206-931BBD718168}"
EndProject
Global
	GlobalSection(SolutionConfigurationPlatforms) = preSolution
		Debug|Any CPU = Debug|Any CPU
		Release|Any CPU = Release|Any CPU
	EndGlobalSection
	GlobalSection(ProjectConfigurationPlatforms) = postSolution
		{4326D201-7564-4CB3-9206-931BBD718168}.Debug|Any CPU.ActiveCfg = Debug|Any CPU
		{4326D201-7564-4CB3-9206-931BBD718168}.Debug|Any CPU.Build.0 = Debug|Any CPU
		{4326D201-7564-4CB3-9206-931BBD718168}.Release|Any CPU.ActiveCfg = Release|Any CPU
		{4326D201-7564-4CB3-9206-931BBD718168}.Release|Any CPU.Build.0 = Release|Any CPU
	EndGlobalSection
	GlobalSection(SolutionProperties) = preSolution
		HideSolutionNode = FALSE
	EndGlobalSection
	GlobalSection(ExtensibilityGlobals) = postSolution
		SolutionGuid = {73CD403F-F50B-4688-B635-A4A764250161}
	EndGlobalSection
EndGlobal
